github.com/libdns/libdns v1.0.0-beta.1 h1:KIf4wLfsrEpXpZ3vmc/poM8zCATXT2klbdPe6hyOBjQ=
github.com/libdns/libdns v1.0.0-beta.1/go.mod h1:4Bj9+5CQiNMVGf87wjX4CY3HQJypUHRuLvlsfsZqLWQ=
github.com/libdns/libdns v1.0.0 h1:IvYaz07JNz6jUQ4h/fv2R4sVnRnm77J/aOuC9B+TQTA=
github.com/libdns/libdns v1.0.0/go.mod h1:4Bj9+5CQiNMVGf87wjX4CY3HQJypUHRuLvlsfsZqLWQ=
